# This file is automatically @generated by Cargo.
# It is not intended for manual editing.
version = 4

[[package]]
name = "block-buffer"
version = "0.11.0-rc.4"
source = "registry+https://github.com/rust-lang/crates.io-index"
checksum = "a229bfd78e4827c91b9b95784f69492c1b77c1ab75a45a8a037b139215086f94"
dependencies = [
 "hybrid-array",
]

[[package]]
name = "crypto-common"
version = "0.2.0-rc.2"
source = "git+https://github.com/RustCrypto/traits/#2dc47f8d1461a2a7a22b68e2afafeb4b59e13420"
dependencies = [
 "hybrid-array",
]

[[package]]
name = "digest"
version = "0.11.0-pre.10"
source = "git+https://github.com/RustCrypto/traits/#2dc47f8d1461a2a7a22b68e2afafeb4b59e13420"
dependencies = [
 "block-buffer",
 "crypto-common",
 "subtle",
]

[[package]]
name = "farfalle"
version = "0.1.0"
dependencies = [
 "crypto-common",
 "digest",
 "hybrid-array",
 "inout",
 "subtle",
]

[[package]]
name = "hybrid-array"
version = "0.3.0"
source = "registry+https://github.com/rust-lang/crates.io-index"
checksum = "4dab50e193aebe510fe0e40230145820e02f48dae0cf339ea4204e6e708ff7bd"
dependencies = [
 "typenum",
]

[[package]]
name = "inout"
version = "0.2.0-rc.4"
source = "git+https://github.com/RustCrypto/utils/#f5834a783fc10f7747956bb0e432f03c011110eb"
dependencies = [
 "hybrid-array",
]

[[package]]
name = "subtle"
version = "2.6.1"
source = "registry+https://github.com/rust-lang/crates.io-index"
checksum = "13c2bddecc57b384dee18652358fb23172facb8a2c51ccc10d74c157bdea3292"

[[package]]
name = "typenum"
version = "1.18.0"
source = "registry+https://github.com/rust-lang/crates.io-index"
checksum = "1dccffe3ce07af9386bfd29e80c0ab1a8205a2fc34e4bcd40364df902cfa8f3f"
