# This file is automatically @generated by Cargo.
# It is not intended for manual editing.
version = 4

[[package]]
name = "aead"
version = "0.6.0-rc.0"
source = "git+https://github.com/RustCrypto/traits/#ba9dbacd95e51200b697ca6f7dfdfc200129b3d6"
dependencies = [
 "crypto-common",
 "inout",
]

[[package]]
name = "block-buffer"
version = "0.11.0-rc.4"
source = "git+https://github.com/RustCrypto/utils/#1ed4ca42e09f24f3f2845911fcae37207d14b217"
dependencies = [
 "hybrid-array",
]

[[package]]
name = "cipher"
version = "0.5.0-pre.8"
source = "git+https://github.com/RustCrypto/traits/#ba9dbacd95e51200b697ca6f7dfdfc200129b3d6"
dependencies = [
 "crypto-common",
 "inout",
]

[[package]]
name = "crypto-common"
version = "0.2.0-rc.2"
source = "git+https://github.com/RustCrypto/traits/#ba9dbacd95e51200b697ca6f7dfdfc200129b3d6"
dependencies = [
 "hybrid-array",
 "rand_core",
]

[[package]]
name = "digest"
version = "0.11.0-pre.10"
source = "git+https://github.com/RustCrypto/traits/#ba9dbacd95e51200b697ca6f7dfdfc200129b3d6"
dependencies = [
 "block-buffer",
 "crypto-common",
 "subtle",
]

[[package]]
name = "farfalle"
version = "0.1.0"
dependencies = [
 "aead",
 "cipher",
 "crypto-common",
 "digest",
 "hybrid-array",
 "inout",
 "subtle",
]

[[package]]
name = "hybrid-array"
version = "0.3.0"
source = "registry+https://github.com/rust-lang/crates.io-index"
checksum = "4dab50e193aebe510fe0e40230145820e02f48dae0cf339ea4204e6e708ff7bd"
dependencies = [
 "typenum",
]

[[package]]
name = "inout"
version = "0.2.0-rc.4"
source = "git+https://github.com/RustCrypto/utils/#1ed4ca42e09f24f3f2845911fcae37207d14b217"
dependencies = [
 "hybrid-array",
]

[[package]]
name = "rand_core"
version = "0.9.3"
source = "registry+https://github.com/rust-lang/crates.io-index"
checksum = "99d9a13982dcf210057a8a78572b2217b667c3beacbf3a0d8b454f6f82837d38"

[[package]]
name = "subtle"
version = "2.6.1"
source = "registry+https://github.com/rust-lang/crates.io-index"
checksum = "13c2bddecc57b384dee18652358fb23172facb8a2c51ccc10d74c157bdea3292"

[[package]]
name = "typenum"
version = "1.18.0"
source = "registry+https://github.com/rust-lang/crates.io-index"
checksum = "1dccffe3ce07af9386bfd29e80c0ab1a8205a2fc34e4bcd40364df902cfa8f3f"
